{
  "version": 4,
  "terraform_version": "1.3.7",
  "serial": 29,
  "lineage": "0d296239-c948-a7be-8991-87a6d7630999",
  "outputs": {},
  "resources": [
    {
      "mode": "managed",
      "type": "local_file",
      "name": "demo-count",
      "provider": "provider[\"registry.terraform.io/hashicorp/local\"]",
      "instances": [
        {
          "index_key": 0,
          "schema_version": 0,
          "attributes": {
            "content": "Demo txt file",
            "content_base64": null,
            "directory_permission": "0777",
            "file_permission": "0777",
            "filename": "localFiles/demo1.txt",
            "id": "a075d8589dd85e6affb897e1a8a06bebd3ca279d",
            "sensitive_content": null,
            "source": null
          },
          "sensitive_attributes": []
        },
        {
          "index_key": 1,
          "schema_version": 0,
          "attributes": {
            "content": "Demo txt file",
            "content_base64": null,
            "directory_permission": "0777",
            "file_permission": "0777",
            "filename": "localFiles/demo3.txt",
            "id": "a075d8589dd85e6affb897e1a8a06bebd3ca279d",
            "sensitive_content": null,
            "source": null
          },
          "sensitive_attributes": []
        }
      ]
    },
    {
      "mode": "managed",
      "type": "local_file",
      "name": "demo-foreach",
      "provider": "provider[\"registry.terraform.io/hashicorp/local\"]",
      "instances": [
        {
          "index_key": "localFiles/foreach1.txt",
          "schema_version": 0,
          "attributes": {
            "content": "for_each demo",
            "content_base64": null,
            "directory_permission": "0777",
            "file_permission": "0777",
            "filename": "localFiles/foreach1.txt",
            "id": "149443bf4f51422cbc139b0cc188c9b43d72a948",
            "sensitive_content": null,
            "source": null
          },
          "sensitive_attributes": []
        },
        {
          "index_key": "localFiles/foreach3.txt",
          "schema_version": 0,
          "attributes": {
            "content": "for_each demo",
            "content_base64": null,
            "directory_permission": "0777",
            "file_permission": "0777",
            "filename": "localFiles/foreach3.txt",
            "id": "149443bf4f51422cbc139b0cc188c9b43d72a948",
            "sensitive_content": null,
            "source": null
          },
          "sensitive_attributes": []
        }
      ]
    }
  ],
  "check_results": null
}
